# THIS IS AN AUTOGENERATED FILE. DO NOT EDIT THIS FILE DIRECTLY.
# yarn lockfile v1


axios@^0.18.0:
  version "0.18.1"
  resolved "http://registry.npm.wps.cn/axios/download/axios-0.18.1.tgz#ff3f0de2e7b5d180e757ad98000f1081b87bcea3"
  integrity sha1-/z8N4ue10YDnV62YAA8Qgbh7zqM=
  dependencies:
    follow-redirects "1.5.10"
    is-buffer "^2.0.2"

call-bind@^1.0.0:
  version "1.0.2"
  resolved "http://registry.npm.wps.cn/call-bind/download/call-bind-1.0.2.tgz#b1d4e89e688119c3c9a903ad30abb2f6a919be3c"
  integrity sha1-sdTonmiBGcPJqQOtMKuy9qkZvjw=
  dependencies:
    function-bind "^1.1.1"
    get-intrinsic "^1.0.2"

"charenc@>= 0.0.1":
  version "0.0.2"
  resolved "http://registry.npm.wps.cn/charenc/download/charenc-0.0.2.tgz#c0a1d2f3a7092e03774bfa83f14c0fc5790a8667"
  integrity sha1-wKHS86cJLgN3S/qD8UwPxXkKhmc=

"crypt@>= 0.0.1":
  version "0.0.2"
  resolved "http://registry.npm.wps.cn/crypt/download/crypt-0.0.2.tgz#88d7ff7ec0dfb86f713dc87bbb42d044d3e6c41b"
  integrity sha1-iNf/fsDfuG9xPch7u0LQRNPmxBs=

debug@=3.1.0:
  version "3.1.0"
  resolved "http://registry.npm.wps.cn/debug/download/debug-3.1.0.tgz#5bb5a0672628b64149566ba16819e61518c67261"
  integrity sha1-W7WgZyYotkFJVmuhaBnmFRjGcmE=
  dependencies:
    ms "2.0.0"

follow-redirects@1.5.10:
  version "1.5.10"
  resolved "http://registry.npm.wps.cn/follow-redirects/download/follow-redirects-1.5.10.tgz#7b7a9f9aea2fdff36786a94ff643ed07f4ff5e2a"
  integrity sha1-e3qfmuov3/NnhqlP9kPtB/T/Xio=
  dependencies:
    debug "=3.1.0"

function-bind@^1.1.1:
  version "1.1.1"
  resolved "http://registry.npm.wps.cn/function-bind/download/function-bind-1.1.1.tgz#a56899d3ea3c9bab874bb9773b7c5ede92f4895d"
  integrity sha1-pWiZ0+o8m6uHS7l3O3xe3pL0iV0=

get-intrinsic@^1.0.2:
  version "1.1.1"
  resolved "http://registry.npm.wps.cn/get-intrinsic/download/get-intrinsic-1.1.1.tgz#15f59f376f855c446963948f0d24cd3637b4abc6"
  integrity sha1-FfWfN2+FXERpY5SPDSTNNje0q8Y=
  dependencies:
    function-bind "^1.1.1"
    has "^1.0.3"
    has-symbols "^1.0.1"

has-symbols@^1.0.1:
  version "1.0.2"
  resolved "http://registry.npm.wps.cn/has-symbols/download/has-symbols-1.0.2.tgz#165d3070c00309752a1236a479331e3ac56f1423"
  integrity sha1-Fl0wcMADCXUqEjakeTMeOsVvFCM=

has@^1.0.3:
  version "1.0.3"
  resolved "http://registry.npm.wps.cn/has/download/has-1.0.3.tgz#722d7cbfc1f6aa8241f16dd814e011e1f41e8796"
  integrity sha1-ci18v8H2qoJB8W3YFOAR4fQeh5Y=
  dependencies:
    function-bind "^1.1.1"

is-buffer@^2.0.2:
  version "2.0.5"
  resolved "http://registry.npm.wps.cn/is-buffer/download/is-buffer-2.0.5.tgz#ebc252e400d22ff8d77fa09888821a24a658c191"
  integrity sha1-68JS5ADSL/jXf6CYiIIaJKZYwZE=

ms@2.0.0:
  version "2.0.0"
  resolved "http://registry.npm.wps.cn/ms/download/ms-2.0.0.tgz#5608aeadfc00be6c2901df5f9861788de0d597c8"
  integrity sha1-VgiurfwAvmwpAd9fmGF4jeDVl8g=

object-inspect@^1.9.0:
  version "1.11.0"
  resolved "http://registry.npm.wps.cn/object-inspect/download/object-inspect-1.11.0.tgz#9dceb146cedd4148a0d9e51ab88d34cf509922b1"
  integrity sha1-nc6xRs7dQUig2eUauI00z1CZIrE=

qs@^6.9.1:
  version "6.10.1"
  resolved "http://registry.npm.wps.cn/qs/download/qs-6.10.1.tgz#4931482fa8d647a5aab799c5271d2133b981fb6a"
  integrity sha1-STFIL6jWR6Wqt5nFJx0hM7mB+2o=
  dependencies:
    side-channel "^1.0.4"

sha1@^1.1.1:
  version "1.1.1"
  resolved "http://registry.npm.wps.cn/sha1/download/sha1-1.1.1.tgz#addaa7a93168f393f19eb2b15091618e2700f848"
  integrity sha1-rdqnqTFo85PxnrKxUJFhjicA+Eg=
  dependencies:
    charenc ">= 0.0.1"
    crypt ">= 0.0.1"

side-channel@^1.0.4:
  version "1.0.4"
  resolved "http://registry.npm.wps.cn/side-channel/download/side-channel-1.0.4.tgz#efce5c8fdc104ee751b25c58d4290011fa5ea2cf"
  integrity sha1-785cj9wQTudRslxY1CkAEfpeos8=
  dependencies:
    call-bind "^1.0.0"
    get-intrinsic "^1.0.2"
    object-inspect "^1.9.0"
